
Microsoft Visual Studio Solution File, Format Version 12.00
# Visual Studio 2017
Project("{FAE04EC0-301F-11D3-BF4B-00C04F79EFBC}") = "Greyhaven", "Greyhaven.csproj", "{FEC2743F-276E-201E-BBE3-BE741705A8CD}"
EndProject
Project("{FAE04EC0-301F-11D3-BF4B-00C04F79EFBC}") = "Greyhaven.Plugins", "Greyhaven.Plugins.csproj", "{1F5B177E-65F2-606C-8885-4B4547CC6070}"
EndProject
Project("{FAE04EC0-301F-11D3-BF4B-00C04F79EFBC}") = "Greyhaven.Editor", "Greyhaven.Editor.csproj", "{C9B146DC-1577-F531-302E-AE573B6FD33E}"
EndProject
Project("{FAE04EC0-301F-11D3-BF4B-00C04F79EFBC}") = "Greyhaven.Editor.Plugins", "Greyhaven.Editor.Plugins.csproj", "{3F237085-7905-8741-6F9E-766243962509}"
EndProject
Global
	GlobalSection(SolutionConfigurationPlatforms) = preSolution
		Debug|Any CPU = Debug|Any CPU
		Release|Any CPU = Release|Any CPU
	EndGlobalSection
	GlobalSection(ProjectConfigurationPlatforms) = postSolution
		{FEC2743F-276E-201E-BBE3-BE741705A8CD}.Debug|Any CPU.ActiveCfg = Debug|Any CPU
		{FEC2743F-276E-201E-BBE3-BE741705A8CD}.Debug|Any CPU.Build.0 = Debug|Any CPU
		{FEC2743F-276E-201E-BBE3-BE741705A8CD}.Release|Any CPU.ActiveCfg = Release|Any CPU
		{FEC2743F-276E-201E-BBE3-BE741705A8CD}.Release|Any CPU.Build.0 = Release|Any CPU
		{1F5B177E-65F2-606C-8885-4B4547CC6070}.Debug|Any CPU.ActiveCfg = Debug|Any CPU
		{1F5B177E-65F2-606C-8885-4B4547CC6070}.Debug|Any CPU.Build.0 = Debug|Any CPU
		{1F5B177E-65F2-606C-8885-4B4547CC6070}.Release|Any CPU.ActiveCfg = Release|Any CPU
		{1F5B177E-65F2-606C-8885-4B4547CC6070}.Release|Any CPU.Build.0 = Release|Any CPU
		{C9B146DC-1577-F531-302E-AE573B6FD33E}.Debug|Any CPU.ActiveCfg = Debug|Any CPU
		{C9B146DC-1577-F531-302E-AE573B6FD33E}.Debug|Any CPU.Build.0 = Debug|Any CPU
		{C9B146DC-1577-F531-302E-AE573B6FD33E}.Release|Any CPU.ActiveCfg = Release|Any CPU
		{C9B146DC-1577-F531-302E-AE573B6FD33E}.Release|Any CPU.Build.0 = Release|Any CPU
		{3F237085-7905-8741-6F9E-766243962509}.Debug|Any CPU.ActiveCfg = Debug|Any CPU
		{3F237085-7905-8741-6F9E-766243962509}.Debug|Any CPU.Build.0 = Debug|Any CPU
		{3F237085-7905-8741-6F9E-766243962509}.Release|Any CPU.ActiveCfg = Release|Any CPU
		{3F237085-7905-8741-6F9E-766243962509}.Release|Any CPU.Build.0 = Release|Any CPU
	EndGlobalSection
	GlobalSection(SolutionProperties) = preSolution
		HideSolutionNode = FALSE
	EndGlobalSection
EndGlobal
